// !$*UTF8*$!
{
	archiveVersion = 1;
	classes = {
	};
	objectVersion = 50;
	objects = {

/* Begin PBXBuildFile section */
		7A097EC0250E4ED900B114F1 /* AppDelegate.swift in Sources */ = {isa = PBXBuildFile; fileRef = 7A097EBF250E4ED900B114F1 /* AppDelegate.swift */; };
		7A097EC2250E4ED900B114F1 /* SceneDelegate.swift in Sources */ = {isa = PBXBuildFile; fileRef = 7A097EC1250E4ED900B114F1 /* SceneDelegate.swift */; };
		7A097EC4250E4ED900B114F1 /* ContentView.swift in Sources */ = {isa = PBXBuildFile; fileRef = 7A097EC3250E4ED900B114F1 /* ContentView.swift */; };
		7A097EC6250E4EDA00B114F1 /* Assets.xcassets in Resources */ = {isa = PBXBuildFile; fileRef = 7A097EC5250E4EDA00B114F1 /* Assets.xcassets */; };
		7A097EC9250E4EDA00B114F1 /* Preview Assets.xcassets in Resources */ = {isa = PBXBuildFile; fileRef = 7A097EC8250E4EDA00B114F1 /* Preview Assets.xcassets */; };
		7A097ECC250E4EDA00B114F1 /* LaunchScreen.storyboard in Resources */ = {isa = PBXBuildFile; fileRef = 7A097ECA250E4EDA00B114F1 /* LaunchScreen.storyboard */; };
		7A097ED7250E4EDA00B114F1 /* SliderSwiftUITests.swift in Sources */ = {isa = PBXBuildFile; fileRef = 7A097ED6250E4EDA00B114F1 /* SliderSwiftUITests.swift */; };
		7A097EE2250E4EDA00B114F1 /* SliderSwiftUIUITests.swift in Sources */ = {isa = PBXBuildFile; fileRef = 7A097EE1250E4EDA00B114F1 /* SliderSwiftUIUITests.swift */; };
/* End PBXBuildFile section */

/* Begin PBXContainerItemProxy section */
		7A097ED3250E4EDA00B114F1 /* PBXContainerItemProxy */ = {
			isa = PBXContainerItemProxy;
			containerPortal = 7A097EB4250E4ED900B114F1 /* Project object */;
			proxyType = 1;
			remoteGlobalIDString = 7A097EBB250E4ED900B114F1;
			remoteInfo = SliderSwiftUI;
		};
		7A097EDE250E4EDA00B114F1 /* PBXContainerItemProxy */ = {
			isa = PBXContainerItemProxy;
			containerPortal = 7A097EB4250E4ED900B114F1 /* Project object */;
			proxyType = 1;
			remoteGlobalIDString = 7A097EBB250E4ED900B114F1;
			remoteInfo = SliderSwiftUI;
		};
/* End PBXContainerItemProxy section */

/* Begin PBXFileReference section */
		7A097EBC250E4ED900B114F1 /* SliderSwiftUI.app */ = {isa = PBXFileReference; explicitFileType = wrapper.application; includeInIndex = 0; path = SliderSwiftUI.app; sourceTree = BUILT_PRODUCTS_DIR; };
		7A097EBF250E4ED900B114F1 /* AppDelegate.swift */ = {isa = PBXFileReference; lastKnownFileType = sourcecode.swift; path = AppDelegate.swift; sourceTree = "<group>"; };
		7A097EC1250E4ED900B114F1 /* SceneDelegate.swift */ = {isa = PBXFileReference; lastKnownFileType = sourcecode.swift; path = SceneDelegate.swift; sourceTree = "<group>"; };
		7A097EC3250E4ED900B114F1 /* ContentView.swift */ = {isa = PBXFileReference; lastKnownFileType = sourcecode.swift; path = ContentView.swift; sourceTree = "<group>"; };
		7A097EC5250E4EDA00B114F1 /* Assets.xcassets */ = {isa = PBXFileReference; lastKnownFileType = folder.assetcatalog; path = Assets.xcassets; sourceTree = "<group>"; };
		7A097EC8250E4EDA00B114F1 /* Preview Assets.xcassets */ = {isa = PBXFileReference; lastKnownFileType = folder.assetcatalog; path = "Preview Assets.xcassets"; sourceTree = "<group>"; };
		7A097ECB250E4EDA00B114F1 /* Base */ = {isa = PBXFileReference; lastKnownFileType = file.storyboard; name = Base; path = Base.lproj/LaunchScreen.storyboard; sourceTree = "<group>"; };
		7A097ECD250E4EDA00B114F1 /* Info.plist */ = {isa = PBXFileReference; lastKnownFileType = text.plist.xml; path = Info.plist; sourceTree = "<group>"; };
		7A097ED2250E4EDA00B114F1 /* SliderSwiftUITests.xctest */ = {isa = PBXFileReference; explicitFileType = wrapper.cfbundle; includeInIndex = 0; path = SliderSwiftUITests.xctest; sourceTree = BUILT_PRODUCTS_DIR; };
		7A097ED6250E4EDA00B114F1 /* SliderSwiftUITests.swift */ = {isa = PBXFileReference; lastKnownFileType = sourcecode.swift; path = SliderSwiftUITests.swift; sourceTree = "<group>"; };
		7A097ED8250E4EDA00B114F1 /* Info.plist */ = {isa = PBXFileReference; lastKnownFileType = text.plist.xml; path = Info.plist; sourceTree = "<group>"; };
		7A097EDD250E4EDA00B114F1 /* SliderSwiftUIUITests.xctest */ = {isa = PBXFileReference; explicitFileType = wrapper.cfbundle; includeInIndex = 0; path = SliderSwiftUIUITests.xctest; sourceTree = BUILT_PRODUCTS_DIR; };
		7A097EE1250E4EDA00B114F1 /* SliderSwiftUIUITests.swift */ = {isa = PBXFileReference; lastKnownFileType = sourcecode.swift; path = SliderSwiftUIUITests.swift; sourceTree = "<group>"; };
		7A097EE3250E4EDA00B114F1 /* Info.plist */ = {isa = PBXFileReference; lastKnownFileType = text.plist.xml; path = Info.plist; sourceTree = "<group>"; };
/* End PBXFileReference section */

/* Begin PBXFrameworksBuildPhase section */
		7A097EB9250E4ED900B114F1 /* Frameworks */ = {
			isa = PBXFrameworksBuildPhase;
			buildActionMask = 2147483647;
			files = (
			);
			runOnlyForDeploymentPostprocessing = 0;
		};
		7A097ECF250E4EDA00B114F1 /* Frameworks */ = {
			isa = PBXFrameworksBuildPhase;
			buildActionMask = 2147483647;
			files = (
			);
			runOnlyForDeploymentPostprocessing = 0;
		};
		7A097EDA250E4EDA00B114F1 /* Frameworks */ = {
			isa = PBXFrameworksBuildPhase;
			buildActionMask = 2147483647;
			files = (
			);
			runOnlyForDeploymentPostprocessing = 0;
		};
/* End PBXFrameworksBuildPhase section */

/* Begin PBXGroup section */
		7A097EB3250E4ED900B114F1 = {
			isa = PBXGroup;
			children = (
				7A097EBE250E4ED900B114F1 /* SliderSwiftUI */,
				7A097ED5250E4EDA00B114F1 /* SliderSwiftUITests */,
				7A097EE0250E4EDA00B114F1 /* SliderSwiftUIUITests */,
				7A097EBD250E4ED900B114F1 /* Products */,
			);
			sourceTree = "<group>";
		};
		7A097EBD250E4ED900B114F1 /* Products */ = {
			isa = PBXGroup;
			children = (
				7A097EBC250E4ED900B114F1 /* SliderSwiftUI.app */,
				7A097ED2250E4EDA00B114F1 /* SliderSwiftUITests.xctest */,
				7A097EDD250E4EDA00B114F1 /* SliderSwiftUIUITests.xctest */,
			);
			name = Products;
			sourceTree = "<group>";
		};
		7A097EBE250E4ED900B114F1 /* SliderSwiftUI */ = {
			isa = PBXGroup;
			children = (
				7A097EBF250E4ED900B114F1 /* AppDelegate.swift */,
				7A097EC1250E4ED900B114F1 /* SceneDelegate.swift */,
				7A097EC3250E4ED900B114F1 /* ContentView.swift */,
				7A097EC5250E4EDA00B114F1 /* Assets.xcassets */,
				7A097ECA250E4EDA00B114F1 /* LaunchScreen.storyboard */,
				7A097ECD250E4EDA00B114F1 /* Info.plist */,
				7A097EC7250E4EDA00B114F1 /* Preview Content */,
			);
			path = SliderSwiftUI;
			sourceTree = "<group>";
		};
		7A097EC7250E4EDA00B114F1 /* Preview Content */ = {
			isa = PBXGroup;
			children = (
				7A097EC8250E4EDA00B114F1 /* Preview Assets.xcassets */,
			);
			path = "Preview Content";
			sourceTree = "<group>";
		};
		7A097ED5250E4EDA00B114F1 /* SliderSwiftUITests */ = {
			isa = PBXGroup;
			children = (
				7A097ED6250E4EDA00B114F1 /* SliderSwiftUITests.swift */,
				7A097ED8250E4EDA00B114F1 /* Info.plist */,
			);
			path = SliderSwiftUITests;
			sourceTree = "<group>";
		};
		7A097EE0250E4EDA00B114F1 /* SliderSwiftUIUITests */ = {
			isa = PBXGroup;
			children = (
				7A097EE1250E4EDA00B114F1 /* SliderSwiftUIUITests.swift */,
				7A097EE3250E4EDA00B114F1 /* Info.plist */,
			);
			path = SliderSwiftUIUITests;
			sourceTree = "<group>";
		};
/* End PBXGroup section */

/* Begin PBXNativeTarget section */
		7A097EBB250E4ED900B114F1 /* SliderSwiftUI */ = {
			isa = PBXNativeTarget;
			buildConfigurationList = 7A097EE6250E4EDA00B114F1 /* Build configuration list for PBXNativeTarget "SliderSwiftUI" */;
			buildPhases = (
				7A097EB8250E4ED900B114F1 /* Sources */,
				7A097EB9250E4ED900B114F1 /* Frameworks */,
				7A097EBA250E4ED900B114F1 /* Resources */,
			);
			buildRules = (
			);
			dependencies = (
			);
			name = SliderSwiftUI;
			productName = SliderSwiftUI;
			productReference = 7A097EBC250E4ED900B114F1 /* SliderSwiftUI.app */;
			productType = "com.apple.product-type.application";
		};
		7A097ED1250E4EDA00B114F1 /* SliderSwiftUITests */ = {
			isa = PBXNativeTarget;
			buildConfigurationList = 7A097EE9250E4EDA00B114F1 /* Build configuration list for PBXNativeTarget "SliderSwiftUITests" */;
			buildPhases = (
				7A097ECE250E4EDA00B114F1 /* Sources */,
				7A097ECF250E4EDA00B114F1 /* Frameworks */,
				7A097ED0250E4EDA00B114F1 /* Resources */,
			);
			buildRules = (
			);
			dependencies = (
				7A097ED4250E4EDA00B114F1 /* PBXTargetDependency */,
			);
			name = SliderSwiftUITests;
			productName = SliderSwiftUITests;
			productReference = 7A097ED2250E4EDA00B114F1 /* SliderSwiftUITests.xctest */;
			productType = "com.apple.product-type.bundle.unit-test";
		};
		7A097EDC250E4EDA00B114F1 /* SliderSwiftUIUITests */ = {
			isa = PBXNativeTarget;
			buildConfigurationList = 7A097EEC250E4EDA00B114F1 /* Build configuration list for PBXNativeTarget "SliderSwiftUIUITests" */;
			buildPhases = (
				7A097ED9250E4EDA00B114F1 /* Sources */,
				7A097EDA250E4EDA00B114F1 /* Frameworks */,
				7A097EDB250E4EDA00B114F1 /* Resources */,
			);
			buildRules = (
			);
			dependencies = (
				7A097EDF250E4EDA00B114F1 /* PBXTargetDependency */,
			);
			name = SliderSwiftUIUITests;
			productName = SliderSwiftUIUITests;
			productReference = 7A097EDD250E4EDA00B114F1 /* SliderSwiftUIUITests.xctest */;
			productType = "com.apple.product-type.bundle.ui-testing";
		};
/* End PBXNativeTarget section */

/* Begin PBXProject section */
		7A097EB4250E4ED900B114F1 /* Project object */ = {
			isa = PBXProject;
			attributes = {
				LastSwiftUpdateCheck = 1170;
				LastUpgradeCheck = 1170;
				ORGANIZATIONNAME = "Goncharov Evgenii";
				TargetAttributes = {
					7A097EBB250E4ED900B114F1 = {
						CreatedOnToolsVersion = 11.7;
					};
					7A097ED1250E4EDA00B114F1 = {
						CreatedOnToolsVersion = 11.7;
						TestTargetID = 7A097EBB250E4ED900B114F1;
					};
					7A097EDC250E4EDA00B114F1 = {
						CreatedOnToolsVersion = 11.7;
						TestTargetID = 7A097EBB250E4ED900B114F1;
					};
				};
			};
			buildConfigurationList = 7A097EB7250E4ED900B114F1 /* Build configuration list for PBXProject "SliderSwiftUI" */;
			compatibilityVersion = "Xcode 9.3";
			developmentRegion = en;
			hasScannedForEncodings = 0;
			knownRegions = (
				en,
				Base,
			);
			mainGroup = 7A097EB3250E4ED900B114F1;
			productRefGroup = 7A097EBD250E4ED900B114F1 /* Products */;
			projectDirPath = "";
			projectRoot = "";
			targets = (
				7A097EBB250E4ED900B114F1 /* SliderSwiftUI */,
				7A097ED1250E4EDA00B114F1 /* SliderSwiftUITests */,
				7A097EDC250E4EDA00B114F1 /* SliderSwiftUIUITests */,
			);
		};
/* End PBXProject section */

/* Begin PBXResourcesBuildPhase section */
		7A097EBA250E4ED900B114F1 /* Resources */ = {
			isa = PBXResourcesBuildPhase;
			buildActionMask = 2147483647;
			files = (
				7A097ECC250E4EDA00B114F1 /* LaunchScreen.storyboard in Resources */,
				7A097EC9250E4EDA00B114F1 /* Preview Assets.xcassets in Resources */,
				7A097EC6250E4EDA00B114F1 /* Assets.xcassets in Resources */,
			);
			runOnlyForDeploymentPostprocessing = 0;
		};
		7A097ED0250E4EDA00B114F1 /* Resources */ = {
			isa = PBXResourcesBuildPhase;
			buildActionMask = 2147483647;
			files = (
			);
			runOnlyForDeploymentPostprocessing = 0;
		};
		7A097EDB250E4EDA00B114F1 /* Resources */ = {
			isa = PBXResourcesBuildPhase;
			buildActionMask = 2147483647;
			files = (
			);
			runOnlyForDeploymentPostprocessing = 0;
		};
/* End PBXResourcesBuildPhase section */

/* Begin PBXSourcesBuildPhase section */
		7A097EB8250E4ED900B114F1 /* Sources */ = {
			isa = PBXSourcesBuildPhase;
			buildActionMask = 2147483647;
			files = (
				7A097EC0250E4ED900B114F1 /* AppDelegate.swift in Sources */,
				7A097EC2250E4ED900B114F1 /* SceneDelegate.swift in Sources */,
				7A097EC4250E4ED900B114F1 /* ContentView.swift in Sources */,
			);
			runOnlyForDeploymentPostprocessing = 0;
		};
		7A097ECE250E4EDA00B114F1 /* Sources */ = {
			isa = PBXSourcesBuildPhase;
			buildActionMask = 2147483647;
			files = (
				7A097ED7250E4EDA00B114F1 /* SliderSwiftUITests.swift in Sources */,
			);
			runOnlyForDeploymentPostprocessing = 0;
		};
		7A097ED9250E4EDA00B114F1 /* Sources */ = {
			isa = PBXSourcesBuildPhase;
			buildActionMask = 2147483647;
			files = (
				7A097EE2250E4EDA00B114F1 /* SliderSwiftUIUITests.swift in Sources */,
			);
			runOnlyForDeploymentPostprocessing = 0;
		};
/* End PBXSourcesBuildPhase section */

/* Begin PBXTargetDependency section */
		7A097ED4250E4EDA00B114F1 /* PBXTargetDependency */ = {
			isa = PBXTargetDependency;
			target = 7A097EBB250E4ED900B114F1 /* SliderSwiftUI */;
			targetProxy = 7A097ED3250E4EDA00B114F1 /* PBXContainerItemProxy */;
		};
		7A097EDF250E4EDA00B114F1 /* PBXTargetDependency */ = {
			isa = PBXTargetDependency;
			target = 7A097EBB250E4ED900B114F1 /* SliderSwiftUI */;
			targetProxy = 7A097EDE250E4EDA00B114F1 /* PBXContainerItemProxy */;
		};
/* End PBXTargetDependency section */

/* Begin PBXVariantGroup section */
		7A097ECA250E4EDA00B114F1 /* LaunchScreen.storyboard */ = {
			isa = PBXVariantGroup;
			children = (
				7A097ECB250E4EDA00B114F1 /* Base */,
			);
			name = LaunchScreen.storyboard;
			sourceTree = "<group>";
		};
/* End PBXVariantGroup section */

/* Begin XCBuildConfiguration section */
		7A097EE4250E4EDA00B114F1 /* Debug */ = {
			isa = XCBuildConfiguration;
			buildSettings = {
				ALWAYS_SEARCH_USER_PATHS = NO;
				CLANG_ANALYZER_NONNULL = YES;
				CLANG_ANALYZER_NUMBER_OBJECT_CONVERSION = YES_AGGRESSIVE;
				CLANG_CXX_LANGUAGE_STANDARD = "gnu++14";
				CLANG_CXX_LIBRARY = "libc++";
				CLANG_ENABLE_MODULES = YES;
				CLANG_ENABLE_OBJC_ARC = YES;
				CLANG_ENABLE_OBJC_WEAK = YES;
				CLANG_WARN_BLOCK_CAPTURE_AUTORELEASING = YES;
				CLANG_WARN_BOOL_CONVERSION = YES;
				CLANG_WARN_COMMA = YES;
				CLANG_WARN_CONSTANT_CONVERSION = YES;
				CLANG_WARN_DEPRECATED_OBJC_IMPLEMENTATIONS = YES;
				CLANG_WARN_DIRECT_OBJC_ISA_USAGE = YES_ERROR;
				CLANG_WARN_DOCUMENTATION_COMMENTS = YES;
				CLANG_WARN_EMPTY_BODY = YES;
				CLANG_WARN_ENUM_CONVERSION = YES;
				CLANG_WARN_INFINITE_RECURSION = YES;
				CLANG_WARN_INT_CONVERSION = YES;
				CLANG_WARN_NON_LITERAL_NULL_CONVERSION = YES;
				CLANG_WARN_OBJC_IMPLICIT_RETAIN_SELF = YES;
				CLANG_WARN_OBJC_LITERAL_CONVERSION = YES;
				CLANG_WARN_OBJC_ROOT_CLASS = YES_ERROR;
				CLANG_WARN_RANGE_LOOP_ANALYSIS = YES;
				CLANG_WARN_STRICT_PROTOTYPES = YES;
				CLANG_WARN_SUSPICIOUS_MOVE = YES;
				CLANG_WARN_UNGUARDED_AVAILABILITY = YES_AGGRESSIVE;
				CLANG_WARN_UNREACHABLE_CODE = YES;
				CLANG_WARN__DUPLICATE_METHOD_MATCH = YES;
				COPY_PHASE_STRIP = NO;
				DEBUG_INFORMATION_FORMAT = dwarf;
				ENABLE_STRICT_OBJC_MSGSEND = YES;
				ENABLE_TESTABILITY = YES;
				GCC_C_LANGUAGE_STANDARD = gnu11;
				GCC_DYNAMIC_NO_PIC = NO;
				GCC_NO_COMMON_BLOCKS = YES;
				GCC_OPTIMIZATION_LEVEL = 0;
				GCC_PREPROCESSOR_DEFINITIONS = (
					"DEBUG=1",
					"$(inherited)",
				);
				GCC_WARN_64_TO_32_BIT_CONVERSION = YES;
				GCC_WARN_ABOUT_RETURN_TYPE = YES_ERROR;
				GCC_WARN_UNDECLARED_SELECTOR = YES;
				GCC_WARN_UNINITIALIZED_AUTOS = YES_AGGRESSIVE;
				GCC_WARN_UNUSED_FUNCTION = YES;
				GCC_WARN_UNUSED_VARIABLE = YES;
				IPHONEOS_DEPLOYMENT_TARGET = 13.7;
				MTL_ENABLE_DEBUG_INFO = INCLUDE_SOURCE;
				MTL_FAST_MATH = YES;
				ONLY_ACTIVE_ARCH = YES;
				SDKROOT = iphoneos;
				SWIFT_ACTIVE_COMPILATION_CONDITIONS = DEBUG;
				SWIFT_OPTIMIZATION_LEVEL = "-Onone";
			};
			name = Debug;
		};
		7A097EE5250E4EDA00B114F1 /* Release */ = {
			isa = XCBuildConfiguration;
			buildSettings = {
				ALWAYS_SEARCH_USER_PATHS = NO;
				CLANG_ANALYZER_NONNULL = YES;
				CLANG_ANALYZER_NUMBER_OBJECT_CONVERSION = YES_AGGRESSIVE;
				CLANG_CXX_LANGUAGE_STANDARD = "gnu++14";
				CLANG_CXX_LIBRARY = "libc++";
				CLANG_ENABLE_MODULES = YES;
				CLANG_ENABLE_OBJC_ARC = YES;
				CLANG_ENABLE_OBJC_WEAK = YES;
				CLANG_WARN_BLOCK_CAPTURE_AUTORELEASING = YES;
				CLANG_WARN_BOOL_CONVERSION = YES;
				CLANG_WARN_COMMA = YES;
				CLANG_WARN_CONSTANT_CONVERSION = YES;
				CLANG_WARN_DEPRECATED_OBJC_IMPLEMENTATIONS = YES;
				CLANG_WARN_DIRECT_OBJC_ISA_USAGE = YES_ERROR;
				CLANG_WARN_DOCUMENTATION_COMMENTS = YES;
				CLANG_WARN_EMPTY_BODY = YES;
				CLANG_WARN_ENUM_CONVERSION = YES;
				CLANG_WARN_INFINITE_RECURSION = YES;
				CLANG_WARN_INT_CONVERSION = YES;
				CLANG_WARN_NON_LITERAL_NULL_CONVERSION = YES;
				CLANG_WARN_OBJC_IMPLICIT_RETAIN_SELF = YES;
				CLANG_WARN_OBJC_LITERAL_CONVERSION = YES;
				CLANG_WARN_OBJC_ROOT_CLASS = YES_ERROR;
				CLANG_WARN_RANGE_LOOP_ANALYSIS = YES;
				CLANG_WARN_STRICT_PROTOTYPES = YES;
				CLANG_WARN_SUSPICIOUS_MOVE = YES;
				CLANG_WARN_UNGUARDED_AVAILABILITY = YES_AGGRESSIVE;
				CLANG_WARN_UNREACHABLE_CODE = YES;
				CLANG_WARN__DUPLICATE_METHOD_MATCH = YES;
				COPY_PHASE_STRIP = NO;
				DEBUG_INFORMATION_FORMAT = "dwarf-with-dsym";
				ENABLE_NS_ASSERTIONS = NO;
				ENABLE_STRICT_OBJC_MSGSEND = YES;
				GCC_C_LANGUAGE_STANDARD = gnu11;
				GCC_NO_COMMON_BLOCKS = YES;
				GCC_WARN_64_TO_32_BIT_CONVERSION = YES;
				GCC_WARN_ABOUT_RETURN_TYPE = YES_ERROR;
				GCC_WARN_UNDECLARED_SELECTOR = YES;
				GCC_WARN_UNINITIALIZED_AUTOS = YES_AGGRESSIVE;
				GCC_WARN_UNUSED_FUNCTION = YES;
				GCC_WARN_UNUSED_VARIABLE = YES;
				IPHONEOS_DEPLOYMENT_TARGET = 13.7;
				MTL_ENABLE_DEBUG_INFO = NO;
				MTL_FAST_MATH = YES;
				SDKROOT = iphoneos;
				SWIFT_COMPILATION_MODE = wholemodule;
				SWIFT_OPTIMIZATION_LEVEL = "-O";
				VALIDATE_PRODUCT = YES;
			};
			name = Release;
		};
		7A097EE7250E4EDA00B114F1 /* Debug */ = {
			isa = XCBuildConfiguration;
			buildSettings = {
				ASSETCATALOG_COMPILER_APPICON_NAME = AppIcon;
				CODE_SIGN_STYLE = Automatic;
				DEVELOPMENT_ASSET_PATHS = "\"SliderSwiftUI/Preview Content\"";
				DEVELOPMENT_TEAM = A5MF3X8BX8;
				ENABLE_PREVIEWS = YES;
				INFOPLIST_FILE = SliderSwiftUI/Info.plist;
				LD_RUNPATH_SEARCH_PATHS = (
					"$(inherited)",
					"@executable_path/Frameworks",
				);
				PRODUCT_BUNDLE_IDENTIFIER = swiftui.SliderSwiftUI;
				PRODUCT_NAME = "$(TARGET_NAME)";
				SWIFT_VERSION = 5.0;
				TARGETED_DEVICE_FAMILY = "1,2";
			};
			name = Debug;
		};
		7A097EE8250E4EDA00B114F1 /* Release */ = {
			isa = XCBuildConfiguration;
			buildSettings = {
				ASSETCATALOG_COMPILER_APPICON_NAME = AppIcon;
				CODE_SIGN_STYLE = Automatic;
				DEVELOPMENT_ASSET_PATHS = "\"SliderSwiftUI/Preview Content\"";
				DEVELOPMENT_TEAM = A5MF3X8BX8;
				ENABLE_PREVIEWS = YES;
				INFOPLIST_FILE = SliderSwiftUI/Info.plist;
				LD_RUNPATH_SEARCH_PATHS = (
					"$(inherited)",
					"@executable_path/Frameworks",
				);
				PRODUCT_BUNDLE_IDENTIFIER = swiftui.SliderSwiftUI;
				PRODUCT_NAME = "$(TARGET_NAME)";
				SWIFT_VERSION = 5.0;
				TARGETED_DEVICE_FAMILY = "1,2";
			};
			name = Release;
		};
		7A097EEA250E4EDA00B114F1 /* Debug */ = {
			isa = XCBuildConfiguration;
			buildSettings = {
				ALWAYS_EMBED_SWIFT_STANDARD_LIBRARIES = YES;
				BUNDLE_LOADER = "$(TEST_HOST)";
				CODE_SIGN_STYLE = Automatic;
				DEVELOPMENT_TEAM = A5MF3X8BX8;
				INFOPLIST_FILE = SliderSwiftUITests/Info.plist;
				IPHONEOS_DEPLOYMENT_TARGET = 13.7;
				LD_RUNPATH_SEARCH_PATHS = (
					"$(inherited)",
					"@executable_path/Frameworks",
					"@loader_path/Frameworks",
				);
				PRODUCT_BUNDLE_IDENTIFIER = swiftui.SliderSwiftUITests;
				PRODUCT_NAME = "$(TARGET_NAME)";
				SWIFT_VERSION = 5.0;
				TARGETED_DEVICE_FAMILY = "1,2";
				TEST_HOST = "$(BUILT_PRODUCTS_DIR)/SliderSwiftUI.app/SliderSwiftUI";
			};
			name = Debug;
		};
		7A097EEB250E4EDA00B114F1 /* Release */ = {
			isa = XCBuildConfiguration;
			buildSettings = {
				ALWAYS_EMBED_SWIFT_STANDARD_LIBRARIES = YES;
				BUNDLE_LOADER = "$(TEST_HOST)";
				CODE_SIGN_STYLE = Automatic;
				DEVELOPMENT_TEAM = A5MF3X8BX8;
				INFOPLIST_FILE = SliderSwiftUITests/Info.plist;
				IPHONEOS_DEPLOYMENT_TARGET = 13.7;
				LD_RUNPATH_SEARCH_PATHS = (
					"$(inherited)",
					"@executable_path/Frameworks",
					"@loader_path/Frameworks",
				);
				PRODUCT_BUNDLE_IDENTIFIER = swiftui.SliderSwiftUITests;
				PRODUCT_NAME = "$(TARGET_NAME)";
				SWIFT_VERSION = 5.0;
				TARGETED_DEVICE_FAMILY = "1,2";
				TEST_HOST = "$(BUILT_PRODUCTS_DIR)/SliderSwiftUI.app/SliderSwiftUI";
			};
			name = Release;
		};
		7A097EED250E4EDA00B114F1 /* Debug */ = {
			isa = XCBuildConfiguration;
			buildSettings = {
				ALWAYS_EMBED_SWIFT_STANDARD_LIBRARIES = YES;
				CODE_SIGN_STYLE = Automatic;
				DEVELOPMENT_TEAM = A5MF3X8BX8;
				INFOPLIST_FILE = SliderSwiftUIUITests/Info.plist;
				LD_RUNPATH_SEARCH_PATHS = (
					"$(inherited)",
					"@executable_path/Frameworks",
					"@loader_path/Frameworks",
				);
				PRODUCT_BUNDLE_IDENTIFIER = swiftui.SliderSwiftUIUITests;
				PRODUCT_NAME = "$(TARGET_NAME)";
				SWIFT_VERSION = 5.0;
				TARGETED_DEVICE_FAMILY = "1,2";
				TEST_TARGET_NAME = SliderSwiftUI;
			};
			name = Debug;
		};
		7A097EEE250E4EDA00B114F1 /* Release */ = {
			isa = XCBuildConfiguration;
			buildSettings = {
				ALWAYS_EMBED_SWIFT_STANDARD_LIBRARIES = YES;
				CODE_SIGN_STYLE = Automatic;
				DEVELOPMENT_TEAM = A5MF3X8BX8;
				INFOPLIST_FILE = SliderSwiftUIUITests/Info.plist;
				LD_RUNPATH_SEARCH_PATHS = (
					"$(inherited)",
					"@executable_path/Frameworks",
					"@loader_path/Frameworks",
				);
				PRODUCT_BUNDLE_IDENTIFIER = swiftui.SliderSwiftUIUITests;
				PRODUCT_NAME = "$(TARGET_NAME)";
				SWIFT_VERSION = 5.0;
				TARGETED_DEVICE_FAMILY = "1,2";
				TEST_TARGET_NAME = SliderSwiftUI;
			};
			name = Release;
		};
/* End XCBuildConfiguration section */

/* Begin XCConfigurationList section */
		7A097EB7250E4ED900B114F1 /* Build configuration list for PBXProject "SliderSwiftUI" */ = {
			isa = XCConfigurationList;
			buildConfigurations = (
				7A097EE4250E4EDA00B114F1 /* Debug */,
				7A097EE5250E4EDA00B114F1 /* Release */,
			);
			defaultConfigurationIsVisible = 0;
			defaultConfigurationName = Release;
		};
		7A097EE6250E4EDA00B114F1 /* Build configuration list for PBXNativeTarget "SliderSwiftUI" */ = {
			isa = XCConfigurationList;
			buildConfigurations = (
				7A097EE7250E4EDA00B114F1 /* Debug */,
				7A097EE8250E4EDA00B114F1 /* Release */,
			);
			defaultConfigurationIsVisible = 0;
			defaultConfigurationName = Release;
		};
		7A097EE9250E4EDA00B114F1 /* Build configuration list for PBXNativeTarget "SliderSwiftUITests" */ = {
			isa = XCConfigurationList;
			buildConfigurations = (
				7A097EEA250E4EDA00B114F1 /* Debug */,
				7A097EEB250E4EDA00B114F1 /* Release */,
			);
			defaultConfigurationIsVisible = 0;
			defaultConfigurationName = Release;
		};
		7A097EEC250E4EDA00B114F1 /* Build configuration list for PBXNativeTarget "SliderSwiftUIUITests" */ = {
			isa = XCConfigurationList;
			buildConfigurations = (
				7A097EED250E4EDA00B114F1 /* Debug */,
				7A097EEE250E4EDA00B114F1 /* Release */,
			);
			defaultConfigurationIsVisible = 0;
			defaultConfigurationName = Release;
		};
/* End XCConfigurationList section */
	};
	rootObject = 7A097EB4250E4ED900B114F1 /* Project object */;
}
